// !$*UTF8*$!
{
	archiveVersion = 1;
	classes = {
	};
	objectVersion = 46;
	objects = {

/* Begin PBXBuildFile section */
		8432978319907683003782F3 /* MALTabBar.m in Sources */ = {isa = PBXBuildFile; fileRef = 8432977B19907683003782F3 /* MALTabBar.m */; };
		8432978419907683003782F3 /* MALTabBarItem.m in Sources */ = {isa = PBXBuildFile; fileRef = 8432977E19907683003782F3 /* MALTabBarItem.m */; };
		8432978519907683003782F3 /* MALTabBarItemModel.m in Sources */ = {isa = PBXBuildFile; fileRef = 8432978019907683003782F3 /* MALTabBarItemModel.m */; };
		8432978619907683003782F3 /* MALTabBarViewController.m in Sources */ = {isa = PBXBuildFile; fileRef = 8432978219907683003782F3 /* MALTabBarViewController.m */; };
		8432978C19907AA4003782F3 /* InnerViewController.m in Sources */ = {isa = PBXBuildFile; fileRef = 8432978B19907AA4003782F3 /* InnerViewController.m */; };
		8432978F19907AB1003782F3 /* OuterViewController.m in Sources */ = {isa = PBXBuildFile; fileRef = 8432978E19907AB1003782F3 /* OuterViewController.m */; };
		8432979219907ABE003782F3 /* PlaceViewController.m in Sources */ = {isa = PBXBuildFile; fileRef = 8432979119907ABE003782F3 /* PlaceViewController.m */; };
		8454BAC4198F1D71005E611C /* header_01.jpg in Resources */ = {isa = PBXBuildFile; fileRef = 8454BAC3198F1D71005E611C /* header_01.jpg */; };
		8454BAC6198F1F04005E611C /* header_02.jpg in Resources */ = {isa = PBXBuildFile; fileRef = 8454BAC5198F1F04005E611C /* header_02.jpg */; };
		846CA2241A00C40E00B88EB5 /* Main.storyboard in Resources */ = {isa = PBXBuildFile; fileRef = 846CA2231A00C40E00B88EB5 /* Main.storyboard */; };
		8495D84F198B24F500836CCD /* Foundation.framework in Frameworks */ = {isa = PBXBuildFile; fileRef = 8495D84E198B24F500836CCD /* Foundation.framework */; };
		8495D851198B24F500836CCD /* CoreGraphics.framework in Frameworks */ = {isa = PBXBuildFile; fileRef = 8495D850198B24F500836CCD /* CoreGraphics.framework */; };
		8495D853198B24F500836CCD /* UIKit.framework in Frameworks */ = {isa = PBXBuildFile; fileRef = 8495D852198B24F500836CCD /* UIKit.framework */; };
		8495D859198B24F500836CCD /* InfoPlist.strings in Resources */ = {isa = PBXBuildFile; fileRef = 8495D857198B24F500836CCD /* InfoPlist.strings */; };
		8495D85B198B24F500836CCD /* main.m in Sources */ = {isa = PBXBuildFile; fileRef = 8495D85A198B24F500836CCD /* main.m */; };
		8495D85F198B24F500836CCD /* AppDelegate.m in Sources */ = {isa = PBXBuildFile; fileRef = 8495D85E198B24F500836CCD /* AppDelegate.m */; };
		8495D861198B24F500836CCD /* Images.xcassets in Resources */ = {isa = PBXBuildFile; fileRef = 8495D860198B24F500836CCD /* Images.xcassets */; };
		8495D87F198B27AC00836CCD /* MainViewController.m in Sources */ = {isa = PBXBuildFile; fileRef = 8495D87E198B27AC00836CCD /* MainViewController.m */; };
		8495D885198B27EF00836CCD /* RKTabItem.m in Sources */ = {isa = PBXBuildFile; fileRef = 8495D882198B27EF00836CCD /* RKTabItem.m */; };
		8495D886198B27EF00836CCD /* RKTabView.m in Sources */ = {isa = PBXBuildFile; fileRef = 8495D884198B27EF00836CCD /* RKTabView.m */; };
		8495D8A8198B2A2800836CCD /* blurred_background.png in Resources */ = {isa = PBXBuildFile; fileRef = 8495D888198B2A2800836CCD /* blurred_background.png */; };
		8495D8A9198B2A2800836CCD /* camera_disabled@2x.png in Resources */ = {isa = PBXBuildFile; fileRef = 8495D889198B2A2800836CCD /* camera_disabled@2x.png */; };
		8495D8AA198B2A2800836CCD /* camera_enabled@2x.png in Resources */ = {isa = PBXBuildFile; fileRef = 8495D88A198B2A2800836CCD /* camera_enabled@2x.png */; };
		8495D8AB198B2A2800836CCD /* cloud_disabled@2x.png in Resources */ = {isa = PBXBuildFile; fileRef = 8495D88B198B2A2800836CCD /* cloud_disabled@2x.png */; };
		8495D8AC198B2A2800836CCD /* cloud_enabled@2x.png in Resources */ = {isa = PBXBuildFile; fileRef = 8495D88C198B2A2800836CCD /* cloud_enabled@2x.png */; };
		8495D8AD198B2A2800836CCD /* facebook@2x.png in Resources */ = {isa = PBXBuildFile; fileRef = 8495D88D198B2A2800836CCD /* facebook@2x.png */; };
		8495D8AE198B2A2800836CCD /* flickr@2x.png in Resources */ = {isa = PBXBuildFile; fileRef = 8495D88E198B2A2800836CCD /* flickr@2x.png */; };
		8495D8AF198B2A2800836CCD /* globe_disabled@2x.png in Resources */ = {isa = PBXBuildFile; fileRef = 8495D88F198B2A2800836CCD /* globe_disabled@2x.png */; };
		8495D8B0198B2A2800836CCD /* globe_enabled@2x.png in Resources */ = {isa = PBXBuildFile; fileRef = 8495D890198B2A2800836CCD /* globe_enabled@2x.png */; };
		8495D8B1198B2A2800836CCD /* googleplus@2x.png in Resources */ = {isa = PBXBuildFile; fileRef = 8495D891198B2A2800836CCD /* googleplus@2x.png */; };
		8495D8B2198B2A2800836CCD /* mastercard@2x.png in Resources */ = {isa = PBXBuildFile; fileRef = 8495D892198B2A2800836CCD /* mastercard@2x.png */; };
		8495D8B3198B2A2800836CCD /* paypal@2x.png in Resources */ = {isa = PBXBuildFile; fileRef = 8495D893198B2A2800836CCD /* paypal@2x.png */; };
		8495D8B4198B2A2800836CCD /* tab_blur_disabled@2x.png in Resources */ = {isa = PBXBuildFile; fileRef = 8495D894198B2A2800836CCD /* tab_blur_disabled@2x.png */; };
		8495D8B5198B2A2800836CCD /* tab_blur_enabled@2x.png in Resources */ = {isa = PBXBuildFile; fileRef = 8495D895198B2A2800836CCD /* tab_blur_enabled@2x.png */; };
		8495D8B6198B2A2800836CCD /* tab_brightness_disabled@2x.png in Resources */ = {isa = PBXBuildFile; fileRef = 8495D896198B2A2800836CCD /* tab_brightness_disabled@2x.png */; };
		8495D8B7198B2A2800836CCD /* tab_brightness_enabled@2x.png in Resources */ = {isa = PBXBuildFile; fileRef = 8495D897198B2A2800836CCD /* tab_brightness_enabled@2x.png */; };
		8495D8B8198B2A2800836CCD /* tab_contrast_disabled@2x.png in Resources */ = {isa = PBXBuildFile; fileRef = 8495D898198B2A2800836CCD /* tab_contrast_disabled@2x.png */; };
		8495D8B9198B2A2800836CCD /* tab_contrast_enabled@2x.png in Resources */ = {isa = PBXBuildFile; fileRef = 8495D899198B2A2800836CCD /* tab_contrast_enabled@2x.png */; };
		8495D8BA198B2A2800836CCD /* tab_filters_disabled@2x.png in Resources */ = {isa = PBXBuildFile; fileRef = 8495D89A198B2A2800836CCD /* tab_filters_disabled@2x.png */; };
		8495D8BB198B2A2800836CCD /* tab_filters_enabled@2x.png in Resources */ = {isa = PBXBuildFile; fileRef = 8495D89B198B2A2800836CCD /* tab_filters_enabled@2x.png */; };
		8495D8BC198B2A2800836CCD /* tab_frame_disabled@2x.png in Resources */ = {isa = PBXBuildFile; fileRef = 8495D89C198B2A2800836CCD /* tab_frame_disabled@2x.png */; };
		8495D8BD198B2A2800836CCD /* tab_frame_enabled@2x.png in Resources */ = {isa = PBXBuildFile; fileRef = 8495D89D198B2A2800836CCD /* tab_frame_enabled@2x.png */; };
		8495D8BE198B2A2800836CCD /* tab_rotate_disabled@2x.png in Resources */ = {isa = PBXBuildFile; fileRef = 8495D89E198B2A2800836CCD /* tab_rotate_disabled@2x.png */; };
		8495D8BF198B2A2800836CCD /* tab_rotate_enabled@2x.png in Resources */ = {isa = PBXBuildFile; fileRef = 8495D89F198B2A2800836CCD /* tab_rotate_enabled@2x.png */; };
		8495D8C0198B2A2800836CCD /* twitter@2x.png in Resources */ = {isa = PBXBuildFile; fileRef = 8495D8A0198B2A2800836CCD /* twitter@2x.png */; };
		8495D8C1198B2A2800836CCD /* user_disabled@2x.png in Resources */ = {isa = PBXBuildFile; fileRef = 8495D8A1198B2A2800836CCD /* user_disabled@2x.png */; };
		8495D8C2198B2A2800836CCD /* user_enabled@2x.png in Resources */ = {isa = PBXBuildFile; fileRef = 8495D8A2198B2A2800836CCD /* user_enabled@2x.png */; };
		8495D8C3198B2A2800836CCD /* visa@2x.png in Resources */ = {isa = PBXBuildFile; fileRef = 8495D8A3198B2A2800836CCD /* visa@2x.png */; };
		8495D8C4198B2A2800836CCD /* watch_disabled@2x.png in Resources */ = {isa = PBXBuildFile; fileRef = 8495D8A4198B2A2800836CCD /* watch_disabled@2x.png */; };
		8495D8C5198B2A2800836CCD /* watch_enabled@2x.png in Resources */ = {isa = PBXBuildFile; fileRef = 8495D8A5198B2A2800836CCD /* watch_enabled@2x.png */; };
		8495D8C6198B2A2800836CCD /* wire-transfer@2x.png in Resources */ = {isa = PBXBuildFile; fileRef = 8495D8A6198B2A2800836CCD /* wire-transfer@2x.png */; };
		8495D8C7198B2A2800836CCD /* wu@2x.png in Resources */ = {isa = PBXBuildFile; fileRef = 8495D8A7198B2A2800836CCD /* wu@2x.png */; };
		8495D8CD198B3D8D00836CCD /* HomeViewController.m in Sources */ = {isa = PBXBuildFile; fileRef = 8495D8CC198B3D8D00836CCD /* HomeViewController.m */; };
		8495D8D3198B775B00836CCD /* SAMath.m in Sources */ = {isa = PBXBuildFile; fileRef = 8495D8D0198B775B00836CCD /* SAMath.m */; };
		8495D8D4198B775B00836CCD /* SAMultisectorControl.m in Sources */ = {isa = PBXBuildFile; fileRef = 8495D8D2198B775B00836CCD /* SAMultisectorControl.m */; };
		84BB4C1919A49F24008F5531 /* WallViewController.m in Sources */ = {isa = PBXBuildFile; fileRef = 84BB4C1819A49F24008F5531 /* WallViewController.m */; };
		84F2782619FF7BA200A604DF /* DWAlertView.m in Sources */ = {isa = PBXBuildFile; fileRef = 84F2782519FF7BA200A604DF /* DWAlertView.m */; };
/* End PBXBuildFile section */

/* Begin PBXFileReference section */
		8432977A19907683003782F3 /* MALTabBar.h */ = {isa = PBXFileReference; fileEncoding = 4; lastKnownFileType = sourcecode.c.h; path = MALTabBar.h; sourceTree = "<group>"; };
		8432977B19907683003782F3 /* MALTabBar.m */ = {isa = PBXFileReference; fileEncoding = 4; lastKnownFileType = sourcecode.c.objc; path = MALTabBar.m; sourceTree = "<group>"; };
		8432977C19907683003782F3 /* MALTabBarChinldVIewControllerDelegate.h */ = {isa = PBXFileReference; fileEncoding = 4; lastKnownFileType = sourcecode.c.h; path = MALTabBarChinldVIewControllerDelegate.h; sourceTree = "<group>"; };
		8432977D19907683003782F3 /* MALTabBarItem.h */ = {isa = PBXFileReference; fileEncoding = 4; lastKnownFileType = sourcecode.c.h; path = MALTabBarItem.h; sourceTree = "<group>"; };
		8432977E19907683003782F3 /* MALTabBarItem.m */ = {isa = PBXFileReference; fileEncoding = 4; lastKnownFileType = sourcecode.c.objc; path = MALTabBarItem.m; sourceTree = "<group>"; };
		8432977F19907683003782F3 /* MALTabBarItemModel.h */ = {isa = PBXFileReference; fileEncoding = 4; lastKnownFileType = sourcecode.c.h; path = MALTabBarItemModel.h; sourceTree = "<group>"; };
		8432978019907683003782F3 /* MALTabBarItemModel.m */ = {isa = PBXFileReference; fileEncoding = 4; lastKnownFileType = sourcecode.c.objc; path = MALTabBarItemModel.m; sourceTree = "<group>"; };
		8432978119907683003782F3 /* MALTabBarViewController.h */ = {isa = PBXFileReference; fileEncoding = 4; lastKnownFileType = sourcecode.c.h; path = MALTabBarViewController.h; sourceTree = "<group>"; };
		8432978219907683003782F3 /* MALTabBarViewController.m */ = {isa = PBXFileReference; fileEncoding = 4; lastKnownFileType = sourcecode.c.objc; path = MALTabBarViewController.m; sourceTree = "<group>"; };
		8432978A19907AA4003782F3 /* InnerViewController.h */ = {isa = PBXFileReference; fileEncoding = 4; lastKnownFileType = sourcecode.c.h; path = InnerViewController.h; sourceTree = "<group>"; };
		8432978B19907AA4003782F3 /* InnerViewController.m */ = {isa = PBXFileReference; fileEncoding = 4; lastKnownFileType = sourcecode.c.objc; path = InnerViewController.m; sourceTree = "<group>"; };
		8432978D19907AB1003782F3 /* OuterViewController.h */ = {isa = PBXFileReference; fileEncoding = 4; lastKnownFileType = sourcecode.c.h; path = OuterViewController.h; sourceTree = "<group>"; };
		8432978E19907AB1003782F3 /* OuterViewController.m */ = {isa = PBXFileReference; fileEncoding = 4; lastKnownFileType = sourcecode.c.objc; path = OuterViewController.m; sourceTree = "<group>"; };
		8432979019907ABE003782F3 /* PlaceViewController.h */ = {isa = PBXFileReference; fileEncoding = 4; lastKnownFileType = sourcecode.c.h; path = PlaceViewController.h; sourceTree = "<group>"; };
		8432979119907ABE003782F3 /* PlaceViewController.m */ = {isa = PBXFileReference; fileEncoding = 4; lastKnownFileType = sourcecode.c.objc; path = PlaceViewController.m; sourceTree = "<group>"; };
		8454BAC3198F1D71005E611C /* header_01.jpg */ = {isa = PBXFileReference; lastKnownFileType = image.jpeg; path = header_01.jpg; sourceTree = "<group>"; };
		8454BAC5198F1F04005E611C /* header_02.jpg */ = {isa = PBXFileReference; lastKnownFileType = image.jpeg; path = header_02.jpg; sourceTree = "<group>"; };
		846CA2231A00C40E00B88EB5 /* Main.storyboard */ = {isa = PBXFileReference; fileEncoding = 4; lastKnownFileType = file.storyboard; path = Main.storyboard; sourceTree = "<group>"; };
		8495D84B198B24F500836CCD /* HealthyBook.app */ = {isa = PBXFileReference; explicitFileType = wrapper.application; includeInIndex = 0; path = HealthyBook.app; sourceTree = BUILT_PRODUCTS_DIR; };
		8495D84E198B24F500836CCD /* Foundation.framework */ = {isa = PBXFileReference; lastKnownFileType = wrapper.framework; name = Foundation.framework; path = System/Library/Frameworks/Foundation.framework; sourceTree = SDKROOT; };
		8495D850198B24F500836CCD /* CoreGraphics.framework */ = {isa = PBXFileReference; lastKnownFileType = wrapper.framework; name = CoreGraphics.framework; path = System/Library/Frameworks/CoreGraphics.framework; sourceTree = SDKROOT; };
		8495D852198B24F500836CCD /* UIKit.framework */ = {isa = PBXFileReference; lastKnownFileType = wrapper.framework; name = UIKit.framework; path = System/Library/Frameworks/UIKit.framework; sourceTree = SDKROOT; };
		8495D856198B24F500836CCD /* HealthyBook-Info.plist */ = {isa = PBXFileReference; lastKnownFileType = text.plist.xml; path = "HealthyBook-Info.plist"; sourceTree = "<group>"; };
		8495D858198B24F500836CCD /* en */ = {isa = PBXFileReference; lastKnownFileType = text.plist.strings; name = en; path = en.lproj/InfoPlist.strings; sourceTree = "<group>"; };
		8495D85A198B24F500836CCD /* main.m */ = {isa = PBXFileReference; lastKnownFileType = sourcecode.c.objc; path = main.m; sourceTree = "<group>"; };
		8495D85C198B24F500836CCD /* HealthyBook-Prefix.pch */ = {isa = PBXFileReference; lastKnownFileType = sourcecode.c.h; path = "HealthyBook-Prefix.pch"; sourceTree = "<group>"; };
		8495D85D198B24F500836CCD /* AppDelegate.h */ = {isa = PBXFileReference; lastKnownFileType = sourcecode.c.h; path = AppDelegate.h; sourceTree = "<group>"; };
		8495D85E198B24F500836CCD /* AppDelegate.m */ = {isa = PBXFileReference; lastKnownFileType = sourcecode.c.objc; path = AppDelegate.m; sourceTree = "<group>"; };
		8495D860198B24F500836CCD /* Images.xcassets */ = {isa = PBXFileReference; lastKnownFileType = folder.assetcatalog; path = Images.xcassets; sourceTree = "<group>"; };
		8495D87D198B27AC00836CCD /* MainViewController.h */ = {isa = PBXFileReference; fileEncoding = 4; lastKnownFileType = sourcecode.c.h; path = MainViewController.h; sourceTree = "<group>"; };
		8495D87E198B27AC00836CCD /* MainViewController.m */ = {isa = PBXFileReference; fileEncoding = 4; lastKnownFileType = sourcecode.c.objc; path = MainViewController.m; sourceTree = "<group>"; };
		8495D881198B27EF00836CCD /* RKTabItem.h */ = {isa = PBXFileReference; fileEncoding = 4; lastKnownFileType = sourcecode.c.h; path = RKTabItem.h; sourceTree = "<group>"; };
		8495D882198B27EF00836CCD /* RKTabItem.m */ = {isa = PBXFileReference; fileEncoding = 4; lastKnownFileType = sourcecode.c.objc; path = RKTabItem.m; sourceTree = "<group>"; };
		8495D883198B27EF00836CCD /* RKTabView.h */ = {isa = PBXFileReference; fileEncoding = 4; lastKnownFileType = sourcecode.c.h; path = RKTabView.h; sourceTree = "<group>"; };
		8495D884198B27EF00836CCD /* RKTabView.m */ = {isa = PBXFileReference; fileEncoding = 4; lastKnownFileType = sourcecode.c.objc; path = RKTabView.m; sourceTree = "<group>"; };
		8495D888198B2A2800836CCD /* blurred_background.png */ = {isa = PBXFileReference; lastKnownFileType = image.png; path = blurred_background.png; sourceTree = "<group>"; };
		8495D889198B2A2800836CCD /* camera_disabled@2x.png */ = {isa = PBXFileReference; lastKnownFileType = image.png; path = "camera_disabled@2x.png"; sourceTree = "<group>"; };
		8495D88A198B2A2800836CCD /* camera_enabled@2x.png */ = {isa = PBXFileReference; lastKnownFileType = image.png; path = "camera_enabled@2x.png"; sourceTree = "<group>"; };
		8495D88B198B2A2800836CCD /* cloud_disabled@2x.png */ = {isa = PBXFileReference; lastKnownFileType = image.png; path = "cloud_disabled@2x.png"; sourceTree = "<group>"; };
		8495D88C198B2A2800836CCD /* cloud_enabled@2x.png */ = {isa = PBXFileReference; lastKnownFileType = image.png; path = "cloud_enabled@2x.png"; sourceTree = "<group>"; };
		8495D88D198B2A2800836CCD /* facebook@2x.png */ = {isa = PBXFileReference; lastKnownFileType = image.png; path = "facebook@2x.png"; sourceTree = "<group>"; };
		8495D88E198B2A2800836CCD /* flickr@2x.png */ = {isa = PBXFileReference; lastKnownFileType = image.png; path = "flickr@2x.png"; sourceTree = "<group>"; };
		8495D88F198B2A2800836CCD /* globe_disabled@2x.png */ = {isa = PBXFileReference; lastKnownFileType = image.png; path = "globe_disabled@2x.png"; sourceTree = "<group>"; };
		8495D890198B2A2800836CCD /* globe_enabled@2x.png */ = {isa = PBXFileReference; lastKnownFileType = image.png; path = "globe_enabled@2x.png"; sourceTree = "<group>"; };
		8495D891198B2A2800836CCD /* googleplus@2x.png */ = {isa = PBXFileReference; lastKnownFileType = image.png; path = "googleplus@2x.png"; sourceTree = "<group>"; };
		8495D892198B2A2800836CCD /* mastercard@2x.png */ = {isa = PBXFileReference; lastKnownFileType = image.png; path = "mastercard@2x.png"; sourceTree = "<group>"; };
		8495D893198B2A2800836CCD /* paypal@2x.png */ = {isa = PBXFileReference; lastKnownFileType = image.png; path = "paypal@2x.png"; sourceTree = "<group>"; };
		8495D894198B2A2800836CCD /* tab_blur_disabled@2x.png */ = {isa = PBXFileReference; lastKnownFileType = image.png; path = "tab_blur_disabled@2x.png"; sourceTree = "<group>"; };
		8495D895198B2A2800836CCD /* tab_blur_enabled@2x.png */ = {isa = PBXFileReference; lastKnownFileType = image.png; path = "tab_blur_enabled@2x.png"; sourceTree = "<group>"; };
		8495D896198B2A2800836CCD /* tab_brightness_disabled@2x.png */ = {isa = PBXFileReference; lastKnownFileType = image.png; path = "tab_brightness_disabled@2x.png"; sourceTree = "<group>"; };
		8495D897198B2A2800836CCD /* tab_brightness_enabled@2x.png */ = {isa = PBXFileReference; lastKnownFileType = image.png; path = "tab_brightness_enabled@2x.png"; sourceTree = "<group>"; };
		8495D898198B2A2800836CCD /* tab_contrast_disabled@2x.png */ = {isa = PBXFileReference; lastKnownFileType = image.png; path = "tab_contrast_disabled@2x.png"; sourceTree = "<group>"; };
		8495D899198B2A2800836CCD /* tab_contrast_enabled@2x.png */ = {isa = PBXFileReference; lastKnownFileType = image.png; path = "tab_contrast_enabled@2x.png"; sourceTree = "<group>"; };
		8495D89A198B2A2800836CCD /* tab_filters_disabled@2x.png */ = {isa = PBXFileReference; lastKnownFileType = image.png; path = "tab_filters_disabled@2x.png"; sourceTree = "<group>"; };
		8495D89B198B2A2800836CCD /* tab_filters_enabled@2x.png */ = {isa = PBXFileReference; lastKnownFileType = image.png; path = "tab_filters_enabled@2x.png"; sourceTree = "<group>"; };
		8495D89C198B2A2800836CCD /* tab_frame_disabled@2x.png */ = {isa = PBXFileReference; lastKnownFileType = image.png; path = "tab_frame_disabled@2x.png"; sourceTree = "<group>"; };
		8495D89D198B2A2800836CCD /* tab_frame_enabled@2x.png */ = {isa = PBXFileReference; lastKnownFileType = image.png; path = "tab_frame_enabled@2x.png"; sourceTree = "<group>"; };
		8495D89E198B2A2800836CCD /* tab_rotate_disabled@2x.png */ = {isa = PBXFileReference; lastKnownFileType = image.png; path = "tab_rotate_disabled@2x.png"; sourceTree = "<group>"; };
		8495D89F198B2A2800836CCD /* tab_rotate_enabled@2x.png */ = {isa = PBXFileReference; lastKnownFileType = image.png; path = "tab_rotate_enabled@2x.png"; sourceTree = "<group>"; };
		8495D8A0198B2A2800836CCD /* twitter@2x.png */ = {isa = PBXFileReference; lastKnownFileType = image.png; path = "twitter@2x.png"; sourceTree = "<group>"; };
		8495D8A1198B2A2800836CCD /* user_disabled@2x.png */ = {isa = PBXFileReference; lastKnownFileType = image.png; path = "user_disabled@2x.png"; sourceTree = "<group>"; };
		8495D8A2198B2A2800836CCD /* user_enabled@2x.png */ = {isa = PBXFileReference; lastKnownFileType = image.png; path = "user_enabled@2x.png"; sourceTree = "<group>"; };
		8495D8A3198B2A2800836CCD /* visa@2x.png */ = {isa = PBXFileReference; lastKnownFileType = image.png; path = "visa@2x.png"; sourceTree = "<group>"; };
		8495D8A4198B2A2800836CCD /* watch_disabled@2x.png */ = {isa = PBXFileReference; lastKnownFileType = image.png; path = "watch_disabled@2x.png"; sourceTree = "<group>"; };
		8495D8A5198B2A2800836CCD /* watch_enabled@2x.png */ = {isa = PBXFileReference; lastKnownFileType = image.png; path = "watch_enabled@2x.png"; sourceTree = "<group>"; };
		8495D8A6198B2A2800836CCD /* wire-transfer@2x.png */ = {isa = PBXFileReference; lastKnownFileType = image.png; path = "wire-transfer@2x.png"; sourceTree = "<group>"; };
		8495D8A7198B2A2800836CCD /* wu@2x.png */ = {isa = PBXFileReference; lastKnownFileType = image.png; path = "wu@2x.png"; sourceTree = "<group>"; };
		8495D8CB198B3D8D00836CCD /* HomeViewController.h */ = {isa = PBXFileReference; fileEncoding = 4; lastKnownFileType = sourcecode.c.h; path = HomeViewController.h; sourceTree = "<group>"; };
		8495D8CC198B3D8D00836CCD /* HomeViewController.m */ = {isa = PBXFileReference; fileEncoding = 4; lastKnownFileType = sourcecode.c.objc; path = HomeViewController.m; sourceTree = "<group>"; };
		8495D8CF198B775B00836CCD /* SAMath.h */ = {isa = PBXFileReference; fileEncoding = 4; lastKnownFileType = sourcecode.c.h; path = SAMath.h; sourceTree = "<group>"; };
		8495D8D0198B775B00836CCD /* SAMath.m */ = {isa = PBXFileReference; fileEncoding = 4; lastKnownFileType = sourcecode.c.objc; path = SAMath.m; sourceTree = "<group>"; };
		8495D8D1198B775B00836CCD /* SAMultisectorControl.h */ = {isa = PBXFileReference; fileEncoding = 4; lastKnownFileType = sourcecode.c.h; path = SAMultisectorControl.h; sourceTree = "<group>"; };
		8495D8D2198B775B00836CCD /* SAMultisectorControl.m */ = {isa = PBXFileReference; fileEncoding = 4; lastKnownFileType = sourcecode.c.objc; path = SAMultisectorControl.m; sourceTree = "<group>"; };
		84BB4C1719A49F24008F5531 /* WallViewController.h */ = {isa = PBXFileReference; fileEncoding = 4; lastKnownFileType = sourcecode.c.h; path = WallViewController.h; sourceTree = "<group>"; };
		84BB4C1819A49F24008F5531 /* WallViewController.m */ = {isa = PBXFileReference; fileEncoding = 4; lastKnownFileType = sourcecode.c.objc; path = WallViewController.m; sourceTree = "<group>"; };
		84F2782419FF7BA200A604DF /* DWAlertView.h */ = {isa = PBXFileReference; fileEncoding = 4; lastKnownFileType = sourcecode.c.h; path = DWAlertView.h; sourceTree = "<group>"; };
		84F2782519FF7BA200A604DF /* DWAlertView.m */ = {isa = PBXFileReference; fileEncoding = 4; lastKnownFileType = sourcecode.c.objc; path = DWAlertView.m; sourceTree = "<group>"; };
/* End PBXFileReference section */

/* Begin PBXFrameworksBuildPhase section */
		8495D848198B24F500836CCD /* Frameworks */ = {
			isa = PBXFrameworksBuildPhase;
			buildActionMask = 2147483647;
			files = (
				8495D851198B24F500836CCD /* CoreGraphics.framework in Frameworks */,
				8495D853198B24F500836CCD /* UIKit.framework in Frameworks */,
				8495D84F198B24F500836CCD /* Foundation.framework in Frameworks */,
			);
			runOnlyForDeploymentPostprocessing = 0;
		};
/* End PBXFrameworksBuildPhase section */

/* Begin PBXGroup section */
		8432977919907683003782F3 /* MALTabBarController */ = {
			isa = PBXGroup;
			children = (
				8432977A19907683003782F3 /* MALTabBar.h */,
				8432977B19907683003782F3 /* MALTabBar.m */,
				8432977C19907683003782F3 /* MALTabBarChinldVIewControllerDelegate.h */,
				8432977D19907683003782F3 /* MALTabBarItem.h */,
				8432977E19907683003782F3 /* MALTabBarItem.m */,
				8432977F19907683003782F3 /* MALTabBarItemModel.h */,
				8432978019907683003782F3 /* MALTabBarItemModel.m */,
				8432978119907683003782F3 /* MALTabBarViewController.h */,
				8432978219907683003782F3 /* MALTabBarViewController.m */,
			);
			path = MALTabBarController;
			sourceTree = "<group>";
		};
		8432978719907A4F003782F3 /* Inner */ = {
			isa = PBXGroup;
			children = (
				8432978A19907AA4003782F3 /* InnerViewController.h */,
				8432978B19907AA4003782F3 /* InnerViewController.m */,
			);
			name = Inner;
			sourceTree = "<group>";
		};
		8432978819907A5E003782F3 /* Outer */ = {
			isa = PBXGroup;
			children = (
				8432978D19907AB1003782F3 /* OuterViewController.h */,
				8432978E19907AB1003782F3 /* OuterViewController.m */,
			);
			name = Outer;
			sourceTree = "<group>";
		};
		8432978919907A66003782F3 /* Where */ = {
			isa = PBXGroup;
			children = (
				8432979019907ABE003782F3 /* PlaceViewController.h */,
				8432979119907ABE003782F3 /* PlaceViewController.m */,
			);
			name = Where;
			sourceTree = "<group>";
		};
		8495D842198B24F500836CCD = {
			isa = PBXGroup;
			children = (
				84F2781F19FF7B3600A604DF /* libs */,
				8495D854198B24F500836CCD /* HealthyBook */,
				8495D84D198B24F500836CCD /* Frameworks */,
				8495D84C198B24F500836CCD /* Products */,
			);
			sourceTree = "<group>";
		};
		8495D84C198B24F500836CCD /* Products */ = {
			isa = PBXGroup;
			children = (
				8495D84B198B24F500836CCD /* HealthyBook.app */,
			);
			name = Products;
			sourceTree = "<group>";
		};
		8495D84D198B24F500836CCD /* Frameworks */ = {
			isa = PBXGroup;
			children = (
				8495D84E198B24F500836CCD /* Foundation.framework */,
				8495D850198B24F500836CCD /* CoreGraphics.framework */,
				8495D852198B24F500836CCD /* UIKit.framework */,
			);
			name = Frameworks;
			sourceTree = "<group>";
		};
		8495D854198B24F500836CCD /* HealthyBook */ = {
			isa = PBXGroup;
			children = (
				84BB4C1619A49EEA008F5531 /* Wall */,
				8432978919907A66003782F3 /* Where */,
				8432978819907A5E003782F3 /* Outer */,
				8432978719907A4F003782F3 /* Inner */,
				8495D8D5198B776600836CCD /* Control */,
				8495D8CA198B3D7700836CCD /* Home */,
				8495D887198B2A2800836CCD /* Resources */,
				8495D85D198B24F500836CCD /* AppDelegate.h */,
				8495D85E198B24F500836CCD /* AppDelegate.m */,
				846CA2231A00C40E00B88EB5 /* Main.storyboard */,
				8495D860198B24F500836CCD /* Images.xcassets */,
				8495D855198B24F500836CCD /* Supporting Files */,
				8495D87D198B27AC00836CCD /* MainViewController.h */,
				8495D87E198B27AC00836CCD /* MainViewController.m */,
			);
			path = HealthyBook;
			sourceTree = "<group>";
		};
		8495D855198B24F500836CCD /* Supporting Files */ = {
			isa = PBXGroup;
			children = (
				8495D856198B24F500836CCD /* HealthyBook-Info.plist */,
				8495D857198B24F500836CCD /* InfoPlist.strings */,
				8495D85A198B24F500836CCD /* main.m */,
				8495D85C198B24F500836CCD /* HealthyBook-Prefix.pch */,
			);
			name = "Supporting Files";
			sourceTree = "<group>";
		};
		8495D880198B27EF00836CCD /* RKTabView */ = {
			isa = PBXGroup;
			children = (
				8495D881198B27EF00836CCD /* RKTabItem.h */,
				8495D882198B27EF00836CCD /* RKTabItem.m */,
				8495D883198B27EF00836CCD /* RKTabView.h */,
				8495D884198B27EF00836CCD /* RKTabView.m */,
			);
			path = RKTabView;
			sourceTree = "<group>";
		};
		8495D887198B2A2800836CCD /* Resources */ = {
			isa = PBXGroup;
			children = (
				8454BAC5198F1F04005E611C /* header_02.jpg */,
				8454BAC3198F1D71005E611C /* header_01.jpg */,
				8495D888198B2A2800836CCD /* blurred_background.png */,
				8495D889198B2A2800836CCD /* camera_disabled@2x.png */,
				8495D88A198B2A2800836CCD /* camera_enabled@2x.png */,
				8495D88B198B2A2800836CCD /* cloud_disabled@2x.png */,
				8495D88C198B2A2800836CCD /* cloud_enabled@2x.png */,
				8495D88D198B2A2800836CCD /* facebook@2x.png */,
				8495D88E198B2A2800836CCD /* flickr@2x.png */,
				8495D88F198B2A2800836CCD /* globe_disabled@2x.png */,
				8495D890198B2A2800836CCD /* globe_enabled@2x.png */,
				8495D891198B2A2800836CCD /* googleplus@2x.png */,
				8495D892198B2A2800836CCD /* mastercard@2x.png */,
				8495D893198B2A2800836CCD /* paypal@2x.png */,
				8495D894198B2A2800836CCD /* tab_blur_disabled@2x.png */,
				8495D895198B2A2800836CCD /* tab_blur_enabled@2x.png */,
				8495D896198B2A2800836CCD /* tab_brightness_disabled@2x.png */,
				8495D897198B2A2800836CCD /* tab_brightness_enabled@2x.png */,
				8495D898198B2A2800836CCD /* tab_contrast_disabled@2x.png */,
				8495D899198B2A2800836CCD /* tab_contrast_enabled@2x.png */,
				8495D89A198B2A2800836CCD /* tab_filters_disabled@2x.png */,
				8495D89B198B2A2800836CCD /* tab_filters_enabled@2x.png */,
				8495D89C198B2A2800836CCD /* tab_frame_disabled@2x.png */,
				8495D89D198B2A2800836CCD /* tab_frame_enabled@2x.png */,
				8495D89E198B2A2800836CCD /* tab_rotate_disabled@2x.png */,
				8495D89F198B2A2800836CCD /* tab_rotate_enabled@2x.png */,
				8495D8A0198B2A2800836CCD /* twitter@2x.png */,
				8495D8A1198B2A2800836CCD /* user_disabled@2x.png */,
				8495D8A2198B2A2800836CCD /* user_enabled@2x.png */,
				8495D8A3198B2A2800836CCD /* visa@2x.png */,
				8495D8A4198B2A2800836CCD /* watch_disabled@2x.png */,
				8495D8A5198B2A2800836CCD /* watch_enabled@2x.png */,
				8495D8A6198B2A2800836CCD /* wire-transfer@2x.png */,
				8495D8A7198B2A2800836CCD /* wu@2x.png */,
			);
			path = Resources;
			sourceTree = "<group>";
		};
		8495D8CA198B3D7700836CCD /* Home */ = {
			isa = PBXGroup;
			children = (
				8495D8CB198B3D8D00836CCD /* HomeViewController.h */,
				8495D8CC198B3D8D00836CCD /* HomeViewController.m */,
			);
			name = Home;
			sourceTree = "<group>";
		};
		8495D8CE198B775B00836CCD /* SAMultisectorControl */ = {
			isa = PBXGroup;
			children = (
				8495D8CF198B775B00836CCD /* SAMath.h */,
				8495D8D0198B775B00836CCD /* SAMath.m */,
				8495D8D1198B775B00836CCD /* SAMultisectorControl.h */,
				8495D8D2198B775B00836CCD /* SAMultisectorControl.m */,
			);
			path = SAMultisectorControl;
			sourceTree = "<group>";
		};
		8495D8D5198B776600836CCD /* Control */ = {
			isa = PBXGroup;
			children = (
				8432977919907683003782F3 /* MALTabBarController */,
				8495D880198B27EF00836CCD /* RKTabView */,
				8495D8CE198B775B00836CCD /* SAMultisectorControl */,
			);
			name = Control;
			sourceTree = "<group>";
		};
		84BB4C1619A49EEA008F5531 /* Wall */ = {
			isa = PBXGroup;
			children = (
				84BB4C1719A49F24008F5531 /* WallViewController.h */,
				84BB4C1819A49F24008F5531 /* WallViewController.m */,
			);
			name = Wall;
			sourceTree = "<group>";
		};
		84F2781F19FF7B3600A604DF /* libs */ = {
			isa = PBXGroup;
			children = (
				84F2782319FF7BA200A604DF /* DWAlertView */,
			);
			path = libs;
			sourceTree = "<group>";
		};
		84F2782319FF7BA200A604DF /* DWAlertView */ = {
			isa = PBXGroup;
			children = (
				84F2782419FF7BA200A604DF /* DWAlertView.h */,
				84F2782519FF7BA200A604DF /* DWAlertView.m */,
			);
			path = DWAlertView;
			sourceTree = "<group>";
		};
/* End PBXGroup section */

/* Begin PBXNativeTarget section */
		8495D84A198B24F500836CCD /* HealthyBook */ = {
			isa = PBXNativeTarget;
			buildConfigurationList = 8495D877198B24F600836CCD /* Build configuration list for PBXNativeTarget "HealthyBook" */;
			buildPhases = (
				8495D847198B24F500836CCD /* Sources */,
				8495D848198B24F500836CCD /* Frameworks */,
				8495D849198B24F500836CCD /* Resources */,
			);
			buildRules = (
			);
			dependencies = (
			);
			name = HealthyBook;
			productName = HealthyBook;
			productReference = 8495D84B198B24F500836CCD /* HealthyBook.app */;
			productType = "com.apple.product-type.application";
		};
/* End PBXNativeTarget section */

/* Begin PBXProject section */
		8495D843198B24F500836CCD /* Project object */ = {
			isa = PBXProject;
			attributes = {
				LastUpgradeCheck = 0510;
				ORGANIZATIONNAME = Efun;
			};
			buildConfigurationList = 8495D846198B24F500836CCD /* Build configuration list for PBXProject "HealthyBook" */;
			compatibilityVersion = "Xcode 3.2";
			developmentRegion = English;
			hasScannedForEncodings = 0;
			knownRegions = (
				en,
			);
			mainGroup = 8495D842198B24F500836CCD;
			productRefGroup = 8495D84C198B24F500836CCD /* Products */;
			projectDirPath = "";
			projectRoot = "";
			targets = (
				8495D84A198B24F500836CCD /* HealthyBook */,
			);
		};
/* End PBXProject section */

/* Begin PBXResourcesBuildPhase section */
		8495D849198B24F500836CCD /* Resources */ = {
			isa = PBXResourcesBuildPhase;
			buildActionMask = 2147483647;
			files = (
				8495D8AB198B2A2800836CCD /* cloud_disabled@2x.png in Resources */,
				8495D8AC198B2A2800836CCD /* cloud_enabled@2x.png in Resources */,
				8495D859198B24F500836CCD /* InfoPlist.strings in Resources */,
				8495D8B0198B2A2800836CCD /* globe_enabled@2x.png in Resources */,
				8495D8A8198B2A2800836CCD /* blurred_background.png in Resources */,
				8495D8B6198B2A2800836CCD /* tab_brightness_disabled@2x.png in Resources */,
				846CA2241A00C40E00B88EB5 /* Main.storyboard in Resources */,
				8495D8AE198B2A2800836CCD /* flickr@2x.png in Resources */,
				8495D8AA198B2A2800836CCD /* camera_enabled@2x.png in Resources */,
				8495D8BB198B2A2800836CCD /* tab_filters_enabled@2x.png in Resources */,
				8495D8BF198B2A2800836CCD /* tab_rotate_enabled@2x.png in Resources */,
				8495D8B1198B2A2800836CCD /* googleplus@2x.png in Resources */,
				8495D8B8198B2A2800836CCD /* tab_contrast_disabled@2x.png in Resources */,
				8495D8BE198B2A2800836CCD /* tab_rotate_disabled@2x.png in Resources */,
				8495D8BC198B2A2800836CCD /* tab_frame_disabled@2x.png in Resources */,
				8495D8B2198B2A2800836CCD /* mastercard@2x.png in Resources */,
				8495D8B5198B2A2800836CCD /* tab_blur_enabled@2x.png in Resources */,
				8495D8B3198B2A2800836CCD /* paypal@2x.png in Resources */,
				8495D8AF198B2A2800836CCD /* globe_disabled@2x.png in Resources */,
				8495D8C5198B2A2800836CCD /* watch_enabled@2x.png in Resources */,
				8495D8BD198B2A2800836CCD /* tab_frame_enabled@2x.png in Resources */,
				8495D8C6198B2A2800836CCD /* wire-transfer@2x.png in Resources */,
				8495D8C1198B2A2800836CCD /* user_disabled@2x.png in Resources */,
				8495D8B9198B2A2800836CCD /* tab_contrast_enabled@2x.png in Resources */,
				8495D8C4198B2A2800836CCD /* watch_disabled@2x.png in Resources */,
				8454BAC6198F1F04005E611C /* header_02.jpg in Resources */,
				8495D8C0198B2A2800836CCD /* twitter@2x.png in Resources */,
				8495D8B7198B2A2800836CCD /* tab_brightness_enabled@2x.png in Resources */,
				8495D8C3198B2A2800836CCD /* visa@2x.png in Resources */,
				8495D8B4198B2A2800836CCD /* tab_blur_disabled@2x.png in Resources */,
				8495D861198B24F500836CCD /* Images.xcassets in Resources */,
				8495D8AD198B2A2800836CCD /* facebook@2x.png in Resources */,
				8495D8C7198B2A2800836CCD /* wu@2x.png in Resources */,
				8495D8A9198B2A2800836CCD /* camera_disabled@2x.png in Resources */,
				8454BAC4198F1D71005E611C /* header_01.jpg in Resources */,
				8495D8BA198B2A2800836CCD /* tab_filters_disabled@2x.png in Resources */,
				8495D8C2198B2A2800836CCD /* user_enabled@2x.png in Resources */,
			);
			runOnlyForDeploymentPostprocessing = 0;
		};
/* End PBXResourcesBuildPhase section */

/* Begin PBXSourcesBuildPhase section */
		8495D847198B24F500836CCD /* Sources */ = {
			isa = PBXSourcesBuildPhase;
			buildActionMask = 2147483647;
			files = (
				8495D886198B27EF00836CCD /* RKTabView.m in Sources */,
				8432978619907683003782F3 /* MALTabBarViewController.m in Sources */,
				8432978419907683003782F3 /* MALTabBarItem.m in Sources */,
				84F2782619FF7BA200A604DF /* DWAlertView.m in Sources */,
				8432978319907683003782F3 /* MALTabBar.m in Sources */,
				8495D8D4198B775B00836CCD /* SAMultisectorControl.m in Sources */,
				8495D85F198B24F500836CCD /* AppDelegate.m in Sources */,
				8495D885198B27EF00836CCD /* RKTabItem.m in Sources */,
				8432978519907683003782F3 /* MALTabBarItemModel.m in Sources */,
				8432978C19907AA4003782F3 /* InnerViewController.m in Sources */,
				8495D87F198B27AC00836CCD /* MainViewController.m in Sources */,
				8495D8D3198B775B00836CCD /* SAMath.m in Sources */,
				8495D85B198B24F500836CCD /* main.m in Sources */,
				8432979219907ABE003782F3 /* PlaceViewController.m in Sources */,
				8432978F19907AB1003782F3 /* OuterViewController.m in Sources */,
				84BB4C1919A49F24008F5531 /* WallViewController.m in Sources */,
				8495D8CD198B3D8D00836CCD /* HomeViewController.m in Sources */,
			);
			runOnlyForDeploymentPostprocessing = 0;
		};
/* End PBXSourcesBuildPhase section */

/* Begin PBXVariantGroup section */
		8495D857198B24F500836CCD /* InfoPlist.strings */ = {
			isa = PBXVariantGroup;
			children = (
				8495D858198B24F500836CCD /* en */,
			);
			name = InfoPlist.strings;
			sourceTree = "<group>";
		};
/* End PBXVariantGroup section */

/* Begin XCBuildConfiguration section */
		8495D875198B24F600836CCD /* Debug */ = {
			isa = XCBuildConfiguration;
			buildSettings = {
				ALWAYS_SEARCH_USER_PATHS = NO;
				CLANG_CXX_LANGUAGE_STANDARD = "gnu++0x";
				CLANG_CXX_LIBRARY = "libc++";
				CLANG_ENABLE_MODULES = YES;
				CLANG_ENABLE_OBJC_ARC = YES;
				CLANG_WARN_BOOL_CONVERSION = YES;
				CLANG_WARN_CONSTANT_CONVERSION = YES;
				CLANG_WARN_DIRECT_OBJC_ISA_USAGE = YES_ERROR;
				CLANG_WARN_EMPTY_BODY = YES;
				CLANG_WARN_ENUM_CONVERSION = YES;
				CLANG_WARN_INT_CONVERSION = YES;
				CLANG_WARN_OBJC_ROOT_CLASS = YES_ERROR;
				CLANG_WARN__DUPLICATE_METHOD_MATCH = YES;
				"CODE_SIGN_IDENTITY[sdk=iphoneos*]" = "iPhone Developer";
				COPY_PHASE_STRIP = NO;
				GCC_C_LANGUAGE_STANDARD = gnu99;
				GCC_DYNAMIC_NO_PIC = NO;
				GCC_OPTIMIZATION_LEVEL = 0;
				GCC_PREPROCESSOR_DEFINITIONS = (
					"DEBUG=1",
					"$(inherited)",
				);
				GCC_SYMBOLS_PRIVATE_EXTERN = NO;
				GCC_WARN_64_TO_32_BIT_CONVERSION = YES;
				GCC_WARN_ABOUT_RETURN_TYPE = YES_ERROR;
				GCC_WARN_UNDECLARED_SELECTOR = YES;
				GCC_WARN_UNINITIALIZED_AUTOS = YES_AGGRESSIVE;
				GCC_WARN_UNUSED_FUNCTION = YES;
				GCC_WARN_UNUSED_VARIABLE = YES;
				IPHONEOS_DEPLOYMENT_TARGET = 7.1;
				ONLY_ACTIVE_ARCH = YES;
				SDKROOT = iphoneos;
			};
			name = Debug;
		};
		8495D876198B24F600836CCD /* Release */ = {
			isa = XCBuildConfiguration;
			buildSettings = {
				ALWAYS_SEARCH_USER_PATHS = NO;
				CLANG_CXX_LANGUAGE_STANDARD = "gnu++0x";
				CLANG_CXX_LIBRARY = "libc++";
				CLANG_ENABLE_MODULES = YES;
				CLANG_ENABLE_OBJC_ARC = YES;
				CLANG_WARN_BOOL_CONVERSION = YES;
				CLANG_WARN_CONSTANT_CONVERSION = YES;
				CLANG_WARN_DIRECT_OBJC_ISA_USAGE = YES_ERROR;
				CLANG_WARN_EMPTY_BODY = YES;
				CLANG_WARN_ENUM_CONVERSION = YES;
				CLANG_WARN_INT_CONVERSION = YES;
				CLANG_WARN_OBJC_ROOT_CLASS = YES_ERROR;
				CLANG_WARN__DUPLICATE_METHOD_MATCH = YES;
				"CODE_SIGN_IDENTITY[sdk=iphoneos*]" = "iPhone Developer";
				COPY_PHASE_STRIP = YES;
				ENABLE_NS_ASSERTIONS = NO;
				GCC_C_LANGUAGE_STANDARD = gnu99;
				GCC_WARN_64_TO_32_BIT_CONVERSION = YES;
				GCC_WARN_ABOUT_RETURN_TYPE = YES_ERROR;
				GCC_WARN_UNDECLARED_SELECTOR = YES;
				GCC_WARN_UNINITIALIZED_AUTOS = YES_AGGRESSIVE;
				GCC_WARN_UNUSED_FUNCTION = YES;
				GCC_WARN_UNUSED_VARIABLE = YES;
				IPHONEOS_DEPLOYMENT_TARGET = 7.1;
				SDKROOT = iphoneos;
				VALIDATE_PRODUCT = YES;
			};
			name = Release;
		};
		8495D878198B24F600836CCD /* Debug */ = {
			isa = XCBuildConfiguration;
			buildSettings = {
				ASSETCATALOG_COMPILER_APPICON_NAME = AppIcon;
				ASSETCATALOG_COMPILER_LAUNCHIMAGE_NAME = LaunchImage;
				GCC_PRECOMPILE_PREFIX_HEADER = YES;
				GCC_PREFIX_HEADER = "HealthyBook/HealthyBook-Prefix.pch";
				INFOPLIST_FILE = "HealthyBook/HealthyBook-Info.plist";
				PRODUCT_NAME = "$(TARGET_NAME)";
				WRAPPER_EXTENSION = app;
			};
			name = Debug;
		};
		8495D879198B24F600836CCD /* Release */ = {
			isa = XCBuildConfiguration;
			buildSettings = {
				ASSETCATALOG_COMPILER_APPICON_NAME = AppIcon;
				ASSETCATALOG_COMPILER_LAUNCHIMAGE_NAME = LaunchImage;
				GCC_PRECOMPILE_PREFIX_HEADER = YES;
				GCC_PREFIX_HEADER = "HealthyBook/HealthyBook-Prefix.pch";
				INFOPLIST_FILE = "HealthyBook/HealthyBook-Info.plist";
				PRODUCT_NAME = "$(TARGET_NAME)";
				WRAPPER_EXTENSION = app;
			};
			name = Release;
		};
/* End XCBuildConfiguration section */

/* Begin XCConfigurationList section */
		8495D846198B24F500836CCD /* Build configuration list for PBXProject "HealthyBook" */ = {
			isa = XCConfigurationList;
			buildConfigurations = (
				8495D875198B24F600836CCD /* Debug */,
				8495D876198B24F600836CCD /* Release */,
			);
			defaultConfigurationIsVisible = 0;
			defaultConfigurationName = Release;
		};
		8495D877198B24F600836CCD /* Build configuration list for PBXNativeTarget "HealthyBook" */ = {
			isa = XCConfigurationList;
			buildConfigurations = (
				8495D878198B24F600836CCD /* Debug */,
				8495D879198B24F600836CCD /* Release */,
			);
			defaultConfigurationIsVisible = 0;
			defaultConfigurationName = Release;
		};
/* End XCConfigurationList section */
	};
	rootObject = 8495D843198B24F500836CCD /* Project object */;
}
